# This file is automatically @generated by Poetry 1.8.2 and should not be changed by hand.

[[package]]
name = "calculator"
version = "0.1.0"
description = ""
optional = false
python-versions = "^3.12"
files = []
develop = false

[package.source]
type = "git"
url = "https://git@github.com/navispeed/millenium-falcon-challenge"
reference = "HEAD"
resolved_reference = "671329c38fc5d3fca8e8f329254e4b9cdd2da448"
subdirectory = "calculator"

[metadata]
lock-version = "2.0"
python-versions = "^3.12"
content-hash = "c577bb9c36125e26e93eac71aea19c7d8f8bc6f0c83cf3ba78a29fabe51b603b"
