# This file is automatically @generated by Poetry 1.8.2 and should not be changed by hand.

[[package]]
name = "calculator"
version = "0.1.0"
description = ""
optional = false
python-versions = "^3.12"
files = []
develop = false

[package.source]
type = "directory"
url = "../calculator"

[metadata]
lock-version = "2.0"
python-versions = "^3.12"
content-hash = "35f5dda63396f91b165e3556b974b4ff609db4f432bd4620795189600689cf9b"
